// !$*UTF8*$!
{
	archiveVersion = 1;
	classes = {
	};
	objectVersion = 56;
	objects = {

/* Begin PBXBuildFile section */
		030748BD2BCD8D980092FD7D /* RadioStation.swift in Sources */ = {isa = PBXBuildFile; fileRef = 030748BC2BCD8D980092FD7D /* RadioStation.swift */; };
		030BE24A2BCEB624000BDF4B /* NSApplicationExtension.swift in Sources */ = {isa = PBXBuildFile; fileRef = 030BE2492BCEB624000BDF4B /* NSApplicationExtension.swift */; };
		035844722BCD2EF50021863E /* NetTunerApp.swift in Sources */ = {isa = PBXBuildFile; fileRef = 035844712BCD2EF50021863E /* NetTunerApp.swift */; };
		035844742BCD2EF50021863E /* MenuBarView.swift in Sources */ = {isa = PBXBuildFile; fileRef = 035844732BCD2EF50021863E /* MenuBarView.swift */; };
		035844762BCD2EF60021863E /* Assets.xcassets in Resources */ = {isa = PBXBuildFile; fileRef = 035844752BCD2EF60021863E /* Assets.xcassets */; };
		035844792BCD2EF60021863E /* Preview Assets.xcassets in Resources */ = {isa = PBXBuildFile; fileRef = 035844782BCD2EF60021863E /* Preview Assets.xcassets */; };
		035844842BCD31860021863E /* AudioController.swift in Sources */ = {isa = PBXBuildFile; fileRef = 035844832BCD31860021863E /* AudioController.swift */; };
		0388364B2BCE63E2007E2F06 /* SettingsView.swift in Sources */ = {isa = PBXBuildFile; fileRef = 0388364A2BCE63E2007E2F06 /* SettingsView.swift */; };
		03AD652E2BECAF90004A25C4 /* Credits.rtf in Resources */ = {isa = PBXBuildFile; fileRef = 03AD652D2BECAF90004A25C4 /* Credits.rtf */; };
		03D5A1C22C443C63006327F2 /* SwiftCSV in Frameworks */ = {isa = PBXBuildFile; productRef = 03D5A1C12C443C63006327F2 /* SwiftCSV */; };
/* End PBXBuildFile section */

/* Begin PBXFileReference section */
		030748BC2BCD8D980092FD7D /* RadioStation.swift */ = {isa = PBXFileReference; lastKnownFileType = sourcecode.swift; path = RadioStation.swift; sourceTree = "<group>"; };
		030BE2492BCEB624000BDF4B /* NSApplicationExtension.swift */ = {isa = PBXFileReference; lastKnownFileType = sourcecode.swift; path = NSApplicationExtension.swift; sourceTree = "<group>"; };
		033878302BEF54B4001CEB6F /* NetTunerDebug.entitlements */ = {isa = PBXFileReference; lastKnownFileType = text.plist.entitlements; path = NetTunerDebug.entitlements; sourceTree = "<group>"; };
		0358446E2BCD2EF50021863E /* NetTuner.app */ = {isa = PBXFileReference; explicitFileType = wrapper.application; includeInIndex = 0; path = NetTuner.app; sourceTree = BUILT_PRODUCTS_DIR; };
		035844712BCD2EF50021863E /* NetTunerApp.swift */ = {isa = PBXFileReference; lastKnownFileType = sourcecode.swift; path = NetTunerApp.swift; sourceTree = "<group>"; };
		035844732BCD2EF50021863E /* MenuBarView.swift */ = {isa = PBXFileReference; lastKnownFileType = sourcecode.swift; path = MenuBarView.swift; sourceTree = "<group>"; };
		035844752BCD2EF60021863E /* Assets.xcassets */ = {isa = PBXFileReference; lastKnownFileType = folder.assetcatalog; path = Assets.xcassets; sourceTree = "<group>"; };
		035844782BCD2EF60021863E /* Preview Assets.xcassets */ = {isa = PBXFileReference; lastKnownFileType = folder.assetcatalog; path = "Preview Assets.xcassets"; sourceTree = "<group>"; };
		0358447A2BCD2EF60021863E /* NetTuner.entitlements */ = {isa = PBXFileReference; lastKnownFileType = text.plist.entitlements; path = NetTuner.entitlements; sourceTree = "<group>"; };
		035844832BCD31860021863E /* AudioController.swift */ = {isa = PBXFileReference; lastKnownFileType = sourcecode.swift; path = AudioController.swift; sourceTree = "<group>"; };
		035844852BCD34940021863E /* Info.plist */ = {isa = PBXFileReference; lastKnownFileType = text.plist; path = Info.plist; sourceTree = "<group>"; };
		0388364A2BCE63E2007E2F06 /* SettingsView.swift */ = {isa = PBXFileReference; lastKnownFileType = sourcecode.swift; path = SettingsView.swift; sourceTree = "<group>"; };
		03AD652D2BECAF90004A25C4 /* Credits.rtf */ = {isa = PBXFileReference; fileEncoding = 4; lastKnownFileType = text.rtf; path = Credits.rtf; sourceTree = "<group>"; };
/* End PBXFileReference section */

/* Begin PBXFrameworksBuildPhase section */
		0358446B2BCD2EF50021863E /* Frameworks */ = {
			isa = PBXFrameworksBuildPhase;
			buildActionMask = 2147483647;
			files = (
				03D5A1C22C443C63006327F2 /* SwiftCSV in Frameworks */,
			);
			runOnlyForDeploymentPostprocessing = 0;
		};
/* End PBXFrameworksBuildPhase section */

/* Begin PBXGroup section */
		030748AB2BCD89080092FD7D /* Controller */ = {
			isa = PBXGroup;
			children = (
				035844832BCD31860021863E /* AudioController.swift */,
			);
			path = Controller;
			sourceTree = "<group>";
		};
		030748AC2BCD89160092FD7D /* Views */ = {
			isa = PBXGroup;
			children = (
				035844732BCD2EF50021863E /* MenuBarView.swift */,
				0388364A2BCE63E2007E2F06 /* SettingsView.swift */,
			);
			path = Views;
			sourceTree = "<group>";
		};
		030748AD2BCD89280092FD7D /* Data */ = {
			isa = PBXGroup;
			children = (
				030748BC2BCD8D980092FD7D /* RadioStation.swift */,
			);
			path = Data;
			sourceTree = "<group>";
		};
		030BE2482BCEB619000BDF4B /* Extensions */ = {
			isa = PBXGroup;
			children = (
				030BE2492BCEB624000BDF4B /* NSApplicationExtension.swift */,
			);
			path = Extensions;
			sourceTree = "<group>";
		};
		035844652BCD2EF50021863E = {
			isa = PBXGroup;
			children = (
				035844702BCD2EF50021863E /* NetTuner */,
				0358446F2BCD2EF50021863E /* Products */,
				03D5A1C02C443C63006327F2 /* Frameworks */,
			);
			sourceTree = "<group>";
		};
		0358446F2BCD2EF50021863E /* Products */ = {
			isa = PBXGroup;
			children = (
				0358446E2BCD2EF50021863E /* NetTuner.app */,
			);
			name = Products;
			sourceTree = "<group>";
		};
		035844702BCD2EF50021863E /* NetTuner */ = {
			isa = PBXGroup;
			children = (
				033878302BEF54B4001CEB6F /* NetTunerDebug.entitlements */,
				030BE2482BCEB619000BDF4B /* Extensions */,
				030748AD2BCD89280092FD7D /* Data */,
				030748AC2BCD89160092FD7D /* Views */,
				030748AB2BCD89080092FD7D /* Controller */,
				035844852BCD34940021863E /* Info.plist */,
				03AD652D2BECAF90004A25C4 /* Credits.rtf */,
				035844712BCD2EF50021863E /* NetTunerApp.swift */,
				035844752BCD2EF60021863E /* Assets.xcassets */,
				0358447A2BCD2EF60021863E /* NetTuner.entitlements */,
				035844772BCD2EF60021863E /* Preview Content */,
			);
			path = NetTuner;
			sourceTree = "<group>";
		};
		035844772BCD2EF60021863E /* Preview Content */ = {
			isa = PBXGroup;
			children = (
				035844782BCD2EF60021863E /* Preview Assets.xcassets */,
			);
			path = "Preview Content";
			sourceTree = "<group>";
		};
		03D5A1C02C443C63006327F2 /* Frameworks */ = {
			isa = PBXGroup;
			children = (
			);
			name = Frameworks;
			sourceTree = "<group>";
		};
/* End PBXGroup section */

/* Begin PBXNativeTarget section */
		0358446D2BCD2EF50021863E /* NetTuner */ = {
			isa = PBXNativeTarget;
			buildConfigurationList = 0358447D2BCD2EF60021863E /* Build configuration list for PBXNativeTarget "NetTuner" */;
			buildPhases = (
				0358446A2BCD2EF50021863E /* Sources */,
				0358446B2BCD2EF50021863E /* Frameworks */,
				0358446C2BCD2EF50021863E /* Resources */,
			);
			buildRules = (
			);
			dependencies = (
			);
			name = NetTuner;
			packageProductDependencies = (
				03D5A1C12C443C63006327F2 /* SwiftCSV */,
			);
			productName = NetTuner;
			productReference = 0358446E2BCD2EF50021863E /* NetTuner.app */;
			productType = "com.apple.product-type.application";
		};
/* End PBXNativeTarget section */

/* Begin PBXProject section */
		035844662BCD2EF50021863E /* Project object */ = {
			isa = PBXProject;
			attributes = {
				BuildIndependentTargetsInParallel = 1;
				LastSwiftUpdateCheck = 1530;
				LastUpgradeCheck = 1530;
				TargetAttributes = {
					0358446D2BCD2EF50021863E = {
						CreatedOnToolsVersion = 15.3;
					};
				};
			};
			buildConfigurationList = 035844692BCD2EF50021863E /* Build configuration list for PBXProject "NetTuner" */;
			compatibilityVersion = "Xcode 14.0";
			developmentRegion = en;
			hasScannedForEncodings = 0;
			knownRegions = (
				en,
				Base,
			);
			mainGroup = 035844652BCD2EF50021863E;
			packageReferences = (
				0338782D2BEF5191001CEB6F /* XCRemoteSwiftPackageReference "SwiftCSV" */,
			);
			productRefGroup = 0358446F2BCD2EF50021863E /* Products */;
			projectDirPath = "";
			projectRoot = "";
			targets = (
				0358446D2BCD2EF50021863E /* NetTuner */,
			);
		};
/* End PBXProject section */

/* Begin PBXResourcesBuildPhase section */
		0358446C2BCD2EF50021863E /* Resources */ = {
			isa = PBXResourcesBuildPhase;
			buildActionMask = 2147483647;
			files = (
				035844792BCD2EF60021863E /* Preview Assets.xcassets in Resources */,
				03AD652E2BECAF90004A25C4 /* Credits.rtf in Resources */,
				035844762BCD2EF60021863E /* Assets.xcassets in Resources */,
			);
			runOnlyForDeploymentPostprocessing = 0;
		};
/* End PBXResourcesBuildPhase section */

/* Begin PBXSourcesBuildPhase section */
		0358446A2BCD2EF50021863E /* Sources */ = {
			isa = PBXSourcesBuildPhase;
			buildActionMask = 2147483647;
			files = (
				030748BD2BCD8D980092FD7D /* RadioStation.swift in Sources */,
				0388364B2BCE63E2007E2F06 /* SettingsView.swift in Sources */,
				035844742BCD2EF50021863E /* MenuBarView.swift in Sources */,
				035844842BCD31860021863E /* AudioController.swift in Sources */,
				035844722BCD2EF50021863E /* NetTunerApp.swift in Sources */,
				030BE24A2BCEB624000BDF4B /* NSApplicationExtension.swift in Sources */,
			);
			runOnlyForDeploymentPostprocessing = 0;
		};
/* End PBXSourcesBuildPhase section */

/* Begin XCBuildConfiguration section */
		0358447B2BCD2EF60021863E /* Debug */ = {
			isa = XCBuildConfiguration;
			buildSettings = {
				ALWAYS_SEARCH_USER_PATHS = NO;
				ASSETCATALOG_COMPILER_GENERATE_SWIFT_ASSET_SYMBOL_EXTENSIONS = YES;
				CLANG_ANALYZER_NONNULL = YES;
				CLANG_ANALYZER_NUMBER_OBJECT_CONVERSION = YES_AGGRESSIVE;
				CLANG_CXX_LANGUAGE_STANDARD = "gnu++20";
				CLANG_ENABLE_MODULES = YES;
				CLANG_ENABLE_OBJC_ARC = YES;
				CLANG_ENABLE_OBJC_WEAK = YES;
				CLANG_WARN_BLOCK_CAPTURE_AUTORELEASING = YES;
				CLANG_WARN_BOOL_CONVERSION = YES;
				CLANG_WARN_COMMA = YES;
				CLANG_WARN_CONSTANT_CONVERSION = YES;
				CLANG_WARN_DEPRECATED_OBJC_IMPLEMENTATIONS = YES;
				CLANG_WARN_DIRECT_OBJC_ISA_USAGE = YES_ERROR;
				CLANG_WARN_DOCUMENTATION_COMMENTS = YES;
				CLANG_WARN_EMPTY_BODY = YES;
				CLANG_WARN_ENUM_CONVERSION = YES;
				CLANG_WARN_INFINITE_RECURSION = YES;
				CLANG_WARN_INT_CONVERSION = YES;
				CLANG_WARN_NON_LITERAL_NULL_CONVERSION = YES;
				CLANG_WARN_OBJC_IMPLICIT_RETAIN_SELF = YES;
				CLANG_WARN_OBJC_LITERAL_CONVERSION = YES;
				CLANG_WARN_OBJC_ROOT_CLASS = YES_ERROR;
				CLANG_WARN_QUOTED_INCLUDE_IN_FRAMEWORK_HEADER = YES;
				CLANG_WARN_RANGE_LOOP_ANALYSIS = YES;
				CLANG_WARN_STRICT_PROTOTYPES = YES;
				CLANG_WARN_SUSPICIOUS_MOVE = YES;
				CLANG_WARN_UNGUARDED_AVAILABILITY = YES_AGGRESSIVE;
				CLANG_WARN_UNREACHABLE_CODE = YES;
				CLANG_WARN__DUPLICATE_METHOD_MATCH = YES;
				COPY_PHASE_STRIP = NO;
				DEBUG_INFORMATION_FORMAT = dwarf;
				ENABLE_STRICT_OBJC_MSGSEND = YES;
				ENABLE_TESTABILITY = YES;
				ENABLE_USER_SCRIPT_SANDBOXING = YES;
				GCC_C_LANGUAGE_STANDARD = gnu17;
				GCC_DYNAMIC_NO_PIC = NO;
				GCC_NO_COMMON_BLOCKS = YES;
				GCC_OPTIMIZATION_LEVEL = 0;
				GCC_PREPROCESSOR_DEFINITIONS = (
					"DEBUG=1",
					"$(inherited)",
				);
				GCC_WARN_64_TO_32_BIT_CONVERSION = YES;
				GCC_WARN_ABOUT_RETURN_TYPE = YES_ERROR;
				GCC_WARN_UNDECLARED_SELECTOR = YES;
				GCC_WARN_UNINITIALIZED_AUTOS = YES_AGGRESSIVE;
				GCC_WARN_UNUSED_FUNCTION = YES;
				GCC_WARN_UNUSED_VARIABLE = YES;
				LOCALIZATION_PREFERS_STRING_CATALOGS = YES;
				MACOSX_DEPLOYMENT_TARGET = 14.0;
				MTL_ENABLE_DEBUG_INFO = INCLUDE_SOURCE;
				MTL_FAST_MATH = YES;
				ONLY_ACTIVE_ARCH = YES;
				SDKROOT = macosx;
				SWIFT_ACTIVE_COMPILATION_CONDITIONS = "DEBUG $(inherited)";
				SWIFT_OPTIMIZATION_LEVEL = "-Onone";
			};
			name = Debug;
		};
		0358447C2BCD2EF60021863E /* Release */ = {
			isa = XCBuildConfiguration;
			buildSettings = {
				ALWAYS_SEARCH_USER_PATHS = NO;
				ASSETCATALOG_COMPILER_GENERATE_SWIFT_ASSET_SYMBOL_EXTENSIONS = YES;
				CLANG_ANALYZER_NONNULL = YES;
				CLANG_ANALYZER_NUMBER_OBJECT_CONVERSION = YES_AGGRESSIVE;
				CLANG_CXX_LANGUAGE_STANDARD = "gnu++20";
				CLANG_ENABLE_MODULES = YES;
				CLANG_ENABLE_OBJC_ARC = YES;
				CLANG_ENABLE_OBJC_WEAK = YES;
				CLANG_WARN_BLOCK_CAPTURE_AUTORELEASING = YES;
				CLANG_WARN_BOOL_CONVERSION = YES;
				CLANG_WARN_COMMA = YES;
				CLANG_WARN_CONSTANT_CONVERSION = YES;
				CLANG_WARN_DEPRECATED_OBJC_IMPLEMENTATIONS = YES;
				CLANG_WARN_DIRECT_OBJC_ISA_USAGE = YES_ERROR;
				CLANG_WARN_DOCUMENTATION_COMMENTS = YES;
				CLANG_WARN_EMPTY_BODY = YES;
				CLANG_WARN_ENUM_CONVERSION = YES;
				CLANG_WARN_INFINITE_RECURSION = YES;
				CLANG_WARN_INT_CONVERSION = YES;
				CLANG_WARN_NON_LITERAL_NULL_CONVERSION = YES;
				CLANG_WARN_OBJC_IMPLICIT_RETAIN_SELF = YES;
				CLANG_WARN_OBJC_LITERAL_CONVERSION = YES;
				CLANG_WARN_OBJC_ROOT_CLASS = YES_ERROR;
				CLANG_WARN_QUOTED_INCLUDE_IN_FRAMEWORK_HEADER = YES;
				CLANG_WARN_RANGE_LOOP_ANALYSIS = YES;
				CLANG_WARN_STRICT_PROTOTYPES = YES;
				CLANG_WARN_SUSPICIOUS_MOVE = YES;
				CLANG_WARN_UNGUARDED_AVAILABILITY = YES_AGGRESSIVE;
				CLANG_WARN_UNREACHABLE_CODE = YES;
				CLANG_WARN__DUPLICATE_METHOD_MATCH = YES;
				COPY_PHASE_STRIP = NO;
				DEBUG_INFORMATION_FORMAT = "dwarf-with-dsym";
				ENABLE_NS_ASSERTIONS = NO;
				ENABLE_STRICT_OBJC_MSGSEND = YES;
				ENABLE_USER_SCRIPT_SANDBOXING = YES;
				GCC_C_LANGUAGE_STANDARD = gnu17;
				GCC_NO_COMMON_BLOCKS = YES;
				GCC_WARN_64_TO_32_BIT_CONVERSION = YES;
				GCC_WARN_ABOUT_RETURN_TYPE = YES_ERROR;
				GCC_WARN_UNDECLARED_SELECTOR = YES;
				GCC_WARN_UNINITIALIZED_AUTOS = YES_AGGRESSIVE;
				GCC_WARN_UNUSED_FUNCTION = YES;
				GCC_WARN_UNUSED_VARIABLE = YES;
				LOCALIZATION_PREFERS_STRING_CATALOGS = YES;
				MACOSX_DEPLOYMENT_TARGET = 14.0;
				MTL_ENABLE_DEBUG_INFO = NO;
				MTL_FAST_MATH = YES;
				SDKROOT = macosx;
				SWIFT_COMPILATION_MODE = wholemodule;
			};
			name = Release;
		};
		0358447E2BCD2EF60021863E /* Debug */ = {
			isa = XCBuildConfiguration;
			buildSettings = {
				ASSETCATALOG_COMPILER_APPICON_NAME = AppIcon;
				ASSETCATALOG_COMPILER_GLOBAL_ACCENT_COLOR_NAME = AccentColor;
				CODE_SIGN_ENTITLEMENTS = NetTuner/NetTunerDebug.entitlements;
				CODE_SIGN_IDENTITY = "Apple Development";
				"CODE_SIGN_IDENTITY[sdk=macosx*]" = "-";
				CODE_SIGN_STYLE = Automatic;
				COMBINE_HIDPI_IMAGES = YES;
				CURRENT_PROJECT_VERSION = 1;
				DEVELOPMENT_ASSET_PATHS = "\"NetTuner/Preview Content\"";
				DEVELOPMENT_TEAM = "";
				ENABLE_PREVIEWS = YES;
				GENERATE_INFOPLIST_FILE = YES;
				INFOPLIST_FILE = NetTuner/Info.plist;
				INFOPLIST_KEY_LSUIElement = YES;
				INFOPLIST_KEY_NSHumanReadableCopyright = "Copyright (C) 2024 Vincenzo Garambone";
				LD_RUNPATH_SEARCH_PATHS = (
					"$(inherited)",
					"@executable_path/../Frameworks",
				);
				MACOSX_DEPLOYMENT_TARGET = 14.0;
				MARKETING_VERSION = 1.0;
				PRODUCT_BUNDLE_IDENTIFIER = it.garambo.NetTuner;
				PRODUCT_NAME = "$(TARGET_NAME)";
				PROVISIONING_PROFILE_SPECIFIER = "";
				SWIFT_EMIT_LOC_STRINGS = YES;
				SWIFT_VERSION = 5.0;
			};
			name = Debug;
		};
		0358447F2BCD2EF60021863E /* Release */ = {
			isa = XCBuildConfiguration;
			buildSettings = {
				ASSETCATALOG_COMPILER_APPICON_NAME = AppIcon;
				ASSETCATALOG_COMPILER_GLOBAL_ACCENT_COLOR_NAME = AccentColor;
				CODE_SIGN_ENTITLEMENTS = NetTuner/NetTuner.entitlements;
				CODE_SIGN_IDENTITY = "Apple Development";
				"CODE_SIGN_IDENTITY[sdk=macosx*]" = "-";
				CODE_SIGN_STYLE = Automatic;
				COMBINE_HIDPI_IMAGES = YES;
				CURRENT_PROJECT_VERSION = 1;
				DEVELOPMENT_ASSET_PATHS = "\"NetTuner/Preview Content\"";
				DEVELOPMENT_TEAM = "";
				ENABLE_PREVIEWS = YES;
				GENERATE_INFOPLIST_FILE = YES;
				INFOPLIST_FILE = NetTuner/Info.plist;
				INFOPLIST_KEY_LSUIElement = YES;
				INFOPLIST_KEY_NSHumanReadableCopyright = "Copyright (C) 2024 Vincenzo Garambone";
				LD_RUNPATH_SEARCH_PATHS = (
					"$(inherited)",
					"@executable_path/../Frameworks",
				);
				MACOSX_DEPLOYMENT_TARGET = 14.0;
				MARKETING_VERSION = 1.0;
				PRODUCT_BUNDLE_IDENTIFIER = it.garambo.NetTuner;
				PRODUCT_NAME = "$(TARGET_NAME)";
				PROVISIONING_PROFILE_SPECIFIER = "";
				SWIFT_EMIT_LOC_STRINGS = YES;
				SWIFT_VERSION = 5.0;
			};
			name = Release;
		};
/* End XCBuildConfiguration section */

/* Begin XCConfigurationList section */
		035844692BCD2EF50021863E /* Build configuration list for PBXProject "NetTuner" */ = {
			isa = XCConfigurationList;
			buildConfigurations = (
				0358447B2BCD2EF60021863E /* Debug */,
				0358447C2BCD2EF60021863E /* Release */,
			);
			defaultConfigurationIsVisible = 0;
			defaultConfigurationName = Release;
		};
		0358447D2BCD2EF60021863E /* Build configuration list for PBXNativeTarget "NetTuner" */ = {
			isa = XCConfigurationList;
			buildConfigurations = (
				0358447E2BCD2EF60021863E /* Debug */,
				0358447F2BCD2EF60021863E /* Release */,
			);
			defaultConfigurationIsVisible = 0;
			defaultConfigurationName = Release;
		};
/* End XCConfigurationList section */

/* Begin XCRemoteSwiftPackageReference section */
		0338782D2BEF5191001CEB6F /* XCRemoteSwiftPackageReference "SwiftCSV" */ = {
			isa = XCRemoteSwiftPackageReference;
			repositoryURL = "https://github.com/swiftcsv/SwiftCSV.git";
			requirement = {
				kind = upToNextMajorVersion;
				minimumVersion = 0.9.1;
			};
		};
/* End XCRemoteSwiftPackageReference section */

/* Begin XCSwiftPackageProductDependency section */
		03D5A1C12C443C63006327F2 /* SwiftCSV */ = {
			isa = XCSwiftPackageProductDependency;
			package = 0338782D2BEF5191001CEB6F /* XCRemoteSwiftPackageReference "SwiftCSV" */;
			productName = SwiftCSV;
		};
/* End XCSwiftPackageProductDependency section */
	};
	rootObject = 035844662BCD2EF50021863E /* Project object */;
}
